// !$*UTF8*$!
{
	archiveVersion = 1;
	classes = {
	};
	objectVersion = 50;
	objects = {

/* Begin PBXBuildFile section */
		5B04A3422A4DA3850059C690 /* Decoder.swift in Sources */ = {isa = PBXBuildFile; fileRef = 5B04A3412A4DA3850059C690 /* Decoder.swift */; };
		5B04A3472A4E8D7D0059C690 /* KoreaEntryTableViewCell.swift in Sources */ = {isa = PBXBuildFile; fileRef = 5B04A3462A4E8D7D0059C690 /* KoreaEntryTableViewCell.swift */; };
		5BA0DEE72A5A84050089E303 /* DecodingFailureViewController.swift in Sources */ = {isa = PBXBuildFile; fileRef = 5BA0DEE62A5A84050089E303 /* DecodingFailureViewController.swift */; };
		5BA9929E2A49B20A00613BD1 /* ExpositionItem.swift in Sources */ = {isa = PBXBuildFile; fileRef = 5BA9929D2A49B20A00613BD1 /* ExpositionItem.swift */; };
		5BB01BA22A51340900EB0590 /* Array +.swift in Sources */ = {isa = PBXBuildFile; fileRef = 5BB01BA12A51340900EB0590 /* Array +.swift */; };
		5BB01BAA2A540EE300EB0590 /* CommonLabel.swift in Sources */ = {isa = PBXBuildFile; fileRef = 5BB01BA92A540EE300EB0590 /* CommonLabel.swift */; };
		5BFA74E52A56A811009A7787 /* CommonNavigationController.swift in Sources */ = {isa = PBXBuildFile; fileRef = 5BFA74E42A56A811009A7787 /* CommonNavigationController.swift */; };
		5BFA74EA2A56C0AD009A7787 /* AppCoordinator.swift in Sources */ = {isa = PBXBuildFile; fileRef = 5BFA74E92A56C0AD009A7787 /* AppCoordinator.swift */; };
		C79FF4B52589F401005FB0FD /* AppDelegate.swift in Sources */ = {isa = PBXBuildFile; fileRef = C79FF4B42589F401005FB0FD /* AppDelegate.swift */; };
		C79FF4B72589F401005FB0FD /* SceneDelegate.swift in Sources */ = {isa = PBXBuildFile; fileRef = C79FF4B62589F401005FB0FD /* SceneDelegate.swift */; };
		C79FF4B92589F401005FB0FD /* MainViewController.swift in Sources */ = {isa = PBXBuildFile; fileRef = C79FF4B82589F401005FB0FD /* MainViewController.swift */; };
		C79FF4BE2589F404005FB0FD /* Assets.xcassets in Resources */ = {isa = PBXBuildFile; fileRef = C79FF4BD2589F404005FB0FD /* Assets.xcassets */; };
		C79FF4C12589F404005FB0FD /* LaunchScreen.storyboard in Resources */ = {isa = PBXBuildFile; fileRef = C79FF4BF2589F404005FB0FD /* LaunchScreen.storyboard */; };
		D26543092A4C5B3C003B1AC0 /* KoreaEntryViewController.swift in Sources */ = {isa = PBXBuildFile; fileRef = D26543082A4C5B3C003B1AC0 /* KoreaEntryViewController.swift */; };
		D265430B2A4D32F3003B1AC0 /* KoreaEntryDataSource.swift in Sources */ = {isa = PBXBuildFile; fileRef = D265430A2A4D32F3003B1AC0 /* KoreaEntryDataSource.swift */; };
		D265432E2A4D6AC1003B1AC0 /* EntryDetailViewController.swift in Sources */ = {isa = PBXBuildFile; fileRef = D265432D2A4D6AC1003B1AC0 /* EntryDetailViewController.swift */; };
		D26543322A4E82D9003B1AC0 /* String +.swift in Sources */ = {isa = PBXBuildFile; fileRef = D26543312A4E82D9003B1AC0 /* String +.swift */; };
		D2DB54E02A49B366003F80C6 /* ParisExpositionInformation.swift in Sources */ = {isa = PBXBuildFile; fileRef = D2DB54DF2A49B366003F80C6 /* ParisExpositionInformation.swift */; };
		D2DB552C2A4C3ED4003F80C6 /* MainView.swift in Sources */ = {isa = PBXBuildFile; fileRef = D2DB552B2A4C3ED4003F80C6 /* MainView.swift */; };
/* End PBXBuildFile section */

/* Begin PBXFileReference section */
		5B04A3412A4DA3850059C690 /* Decoder.swift */ = {isa = PBXFileReference; lastKnownFileType = sourcecode.swift; path = Decoder.swift; sourceTree = "<group>"; };
		5B04A3462A4E8D7D0059C690 /* KoreaEntryTableViewCell.swift */ = {isa = PBXFileReference; lastKnownFileType = sourcecode.swift; path = KoreaEntryTableViewCell.swift; sourceTree = "<group>"; };
		5BA0DEE62A5A84050089E303 /* DecodingFailureViewController.swift */ = {isa = PBXFileReference; lastKnownFileType = sourcecode.swift; path = DecodingFailureViewController.swift; sourceTree = "<group>"; };
		5BA9929D2A49B20A00613BD1 /* ExpositionItem.swift */ = {isa = PBXFileReference; lastKnownFileType = sourcecode.swift; path = ExpositionItem.swift; sourceTree = "<group>"; };
		5BB01BA12A51340900EB0590 /* Array +.swift */ = {isa = PBXFileReference; lastKnownFileType = sourcecode.swift; path = "Array +.swift"; sourceTree = "<group>"; };
		5BB01BA92A540EE300EB0590 /* CommonLabel.swift */ = {isa = PBXFileReference; lastKnownFileType = sourcecode.swift; path = CommonLabel.swift; sourceTree = "<group>"; };
		5BFA74E42A56A811009A7787 /* CommonNavigationController.swift */ = {isa = PBXFileReference; lastKnownFileType = sourcecode.swift; path = CommonNavigationController.swift; sourceTree = "<group>"; };
		5BFA74E92A56C0AD009A7787 /* AppCoordinator.swift */ = {isa = PBXFileReference; lastKnownFileType = sourcecode.swift; path = AppCoordinator.swift; sourceTree = "<group>"; };
		C79FF4B12589F401005FB0FD /* Expo1900.app */ = {isa = PBXFileReference; explicitFileType = wrapper.application; includeInIndex = 0; path = Expo1900.app; sourceTree = BUILT_PRODUCTS_DIR; };
		C79FF4B42589F401005FB0FD /* AppDelegate.swift */ = {isa = PBXFileReference; lastKnownFileType = sourcecode.swift; path = AppDelegate.swift; sourceTree = "<group>"; };
		C79FF4B62589F401005FB0FD /* SceneDelegate.swift */ = {isa = PBXFileReference; lastKnownFileType = sourcecode.swift; path = SceneDelegate.swift; sourceTree = "<group>"; };
		C79FF4B82589F401005FB0FD /* MainViewController.swift */ = {isa = PBXFileReference; lastKnownFileType = sourcecode.swift; path = MainViewController.swift; sourceTree = "<group>"; };
		C79FF4BD2589F404005FB0FD /* Assets.xcassets */ = {isa = PBXFileReference; lastKnownFileType = folder.assetcatalog; path = Assets.xcassets; sourceTree = "<group>"; };
		C79FF4C02589F404005FB0FD /* Base */ = {isa = PBXFileReference; lastKnownFileType = file.storyboard; name = Base; path = Base.lproj/LaunchScreen.storyboard; sourceTree = "<group>"; };
		C79FF4C22589F404005FB0FD /* Info.plist */ = {isa = PBXFileReference; lastKnownFileType = text.plist.xml; path = Info.plist; sourceTree = "<group>"; };
		D26543082A4C5B3C003B1AC0 /* KoreaEntryViewController.swift */ = {isa = PBXFileReference; lastKnownFileType = sourcecode.swift; path = KoreaEntryViewController.swift; sourceTree = "<group>"; };
		D265430A2A4D32F3003B1AC0 /* KoreaEntryDataSource.swift */ = {isa = PBXFileReference; lastKnownFileType = sourcecode.swift; path = KoreaEntryDataSource.swift; sourceTree = "<group>"; };
		D265432D2A4D6AC1003B1AC0 /* EntryDetailViewController.swift */ = {isa = PBXFileReference; lastKnownFileType = sourcecode.swift; path = EntryDetailViewController.swift; sourceTree = "<group>"; };
		D26543312A4E82D9003B1AC0 /* String +.swift */ = {isa = PBXFileReference; lastKnownFileType = sourcecode.swift; path = "String +.swift"; sourceTree = "<group>"; };
		D2DB54DF2A49B366003F80C6 /* ParisExpositionInformation.swift */ = {isa = PBXFileReference; lastKnownFileType = sourcecode.swift; path = ParisExpositionInformation.swift; sourceTree = "<group>"; };
		D2DB552B2A4C3ED4003F80C6 /* MainView.swift */ = {isa = PBXFileReference; lastKnownFileType = sourcecode.swift; path = MainView.swift; sourceTree = "<group>"; };
/* End PBXFileReference section */

/* Begin PBXFrameworksBuildPhase section */
		C79FF4AE2589F401005FB0FD /* Frameworks */ = {
			isa = PBXFrameworksBuildPhase;
			buildActionMask = 2147483647;
			files = (
			);
			runOnlyForDeploymentPostprocessing = 0;
		};
/* End PBXFrameworksBuildPhase section */

/* Begin PBXGroup section */
		5B04A3132A4C56310059C690 /* App */ = {
			isa = PBXGroup;
			children = (
				C79FF4B42589F401005FB0FD /* AppDelegate.swift */,
				C79FF4B62589F401005FB0FD /* SceneDelegate.swift */,
				5BFA74E62A56C056009A7787 /* Coordinator */,
			);
			path = App;
			sourceTree = "<group>";
		};
		5B04A3142A4C563C0059C690 /* View */ = {
			isa = PBXGroup;
			children = (
				5B04A3452A4E8D610059C690 /* Cell */,
				D2DB552B2A4C3ED4003F80C6 /* MainView.swift */,
				C79FF4BF2589F404005FB0FD /* LaunchScreen.storyboard */,
			);
			path = View;
			sourceTree = "<group>";
		};
		5B04A3152A4C56440059C690 /* ViewController */ = {
			isa = PBXGroup;
			children = (
				C79FF4B82589F401005FB0FD /* MainViewController.swift */,
				D26543082A4C5B3C003B1AC0 /* KoreaEntryViewController.swift */,
				D265432D2A4D6AC1003B1AC0 /* EntryDetailViewController.swift */,
				5BA0DEE62A5A84050089E303 /* DecodingFailureViewController.swift */,
			);
			path = ViewController;
			sourceTree = "<group>";
		};
		5B04A3162A4C564D0059C690 /* Resource */ = {
			isa = PBXGroup;
			children = (
				C79FF4BD2589F404005FB0FD /* Assets.xcassets */,
			);
			path = Resource;
			sourceTree = "<group>";
		};
		5B04A33B2A4D67CE0059C690 /* Util */ = {
			isa = PBXGroup;
			children = (
				5B04A3412A4DA3850059C690 /* Decoder.swift */,
				5BB01BA92A540EE300EB0590 /* CommonLabel.swift */,
				5BFA74E42A56A811009A7787 /* CommonNavigationController.swift */,
				5B04A33C2A4D67D50059C690 /* Extension */,
			);
			path = Util;
			sourceTree = "<group>";
		};
		5B04A33C2A4D67D50059C690 /* Extension */ = {
			isa = PBXGroup;
			children = (
				D26543312A4E82D9003B1AC0 /* String +.swift */,
				5BB01BA12A51340900EB0590 /* Array +.swift */,
			);
			path = Extension;
			sourceTree = "<group>";
		};
		5B04A3452A4E8D610059C690 /* Cell */ = {
			isa = PBXGroup;
			children = (
				5B04A3462A4E8D7D0059C690 /* KoreaEntryTableViewCell.swift */,
			);
			path = Cell;
			sourceTree = "<group>";
		};
		5BA9929C2A49B1D100613BD1 /* DTO */ = {
			isa = PBXGroup;
			children = (
				5BA9929D2A49B20A00613BD1 /* ExpositionItem.swift */,
				D2DB54DF2A49B366003F80C6 /* ParisExpositionInformation.swift */,
			);
			path = DTO;
			sourceTree = "<group>";
		};
		5BFA74E62A56C056009A7787 /* Coordinator */ = {
			isa = PBXGroup;
			children = (
				5BFA74E92A56C0AD009A7787 /* AppCoordinator.swift */,
			);
			path = Coordinator;
			sourceTree = "<group>";
		};
		C79FF4A82589F401005FB0FD = {
			isa = PBXGroup;
			children = (
				C79FF4B32589F401005FB0FD /* Expo1900 */,
				C79FF4B22589F401005FB0FD /* Products */,
			);
			sourceTree = "<group>";
		};
		C79FF4B22589F401005FB0FD /* Products */ = {
			isa = PBXGroup;
			children = (
				C79FF4B12589F401005FB0FD /* Expo1900.app */,
			);
			name = Products;
			sourceTree = "<group>";
		};
		C79FF4B32589F401005FB0FD /* Expo1900 */ = {
			isa = PBXGroup;
			children = (
				C79FF4C22589F404005FB0FD /* Info.plist */,
				5B04A33B2A4D67CE0059C690 /* Util */,
				5B04A3132A4C56310059C690 /* App */,
				5B04A3162A4C564D0059C690 /* Resource */,
				D265430C2A4D32FB003B1AC0 /* Model */,
				5B04A3152A4C56440059C690 /* ViewController */,
				5B04A3142A4C563C0059C690 /* View */,
			);
			path = Expo1900;
			sourceTree = "<group>";
		};
		D265430C2A4D32FB003B1AC0 /* Model */ = {
			isa = PBXGroup;
			children = (
				D265430A2A4D32F3003B1AC0 /* KoreaEntryDataSource.swift */,
				5BA9929C2A49B1D100613BD1 /* DTO */,
			);
			path = Model;
			sourceTree = "<group>";
		};
/* End PBXGroup section */

/* Begin PBXNativeTarget section */
		C79FF4B02589F401005FB0FD /* Expo1900 */ = {
			isa = PBXNativeTarget;
			buildConfigurationList = C79FF4C52589F404005FB0FD /* Build configuration list for PBXNativeTarget "Expo1900" */;
			buildPhases = (
				C79FF4AD2589F401005FB0FD /* Sources */,
				C79FF4AE2589F401005FB0FD /* Frameworks */,
				C79FF4AF2589F401005FB0FD /* Resources */,
			);
			buildRules = (
			);
			dependencies = (
			);
			name = Expo1900;
			productName = Expo1900;
			productReference = C79FF4B12589F401005FB0FD /* Expo1900.app */;
			productType = "com.apple.product-type.application";
		};
/* End PBXNativeTarget section */

/* Begin PBXProject section */
		C79FF4A92589F401005FB0FD /* Project object */ = {
			isa = PBXProject;
			attributes = {
				LastSwiftUpdateCheck = 1210;
				LastUpgradeCheck = 1210;
				TargetAttributes = {
					C79FF4B02589F401005FB0FD = {
						CreatedOnToolsVersion = 12.1;
					};
				};
			};
			buildConfigurationList = C79FF4AC2589F401005FB0FD /* Build configuration list for PBXProject "Expo1900" */;
			compatibilityVersion = "Xcode 9.3";
			developmentRegion = en;
			hasScannedForEncodings = 0;
			knownRegions = (
				en,
				Base,
			);
			mainGroup = C79FF4A82589F401005FB0FD;
			productRefGroup = C79FF4B22589F401005FB0FD /* Products */;
			projectDirPath = "";
			projectRoot = "";
			targets = (
				C79FF4B02589F401005FB0FD /* Expo1900 */,
			);
		};
/* End PBXProject section */

/* Begin PBXResourcesBuildPhase section */
		C79FF4AF2589F401005FB0FD /* Resources */ = {
			isa = PBXResourcesBuildPhase;
			buildActionMask = 2147483647;
			files = (
				C79FF4C12589F404005FB0FD /* LaunchScreen.storyboard in Resources */,
				C79FF4BE2589F404005FB0FD /* Assets.xcassets in Resources */,
			);
			runOnlyForDeploymentPostprocessing = 0;
		};
/* End PBXResourcesBuildPhase section */

/* Begin PBXSourcesBuildPhase section */
		C79FF4AD2589F401005FB0FD /* Sources */ = {
			isa = PBXSourcesBuildPhase;
			buildActionMask = 2147483647;
			files = (
				5BA9929E2A49B20A00613BD1 /* ExpositionItem.swift in Sources */,
				5BFA74EA2A56C0AD009A7787 /* AppCoordinator.swift in Sources */,
				D2DB552C2A4C3ED4003F80C6 /* MainView.swift in Sources */,
				5BFA74E52A56A811009A7787 /* CommonNavigationController.swift in Sources */,
				C79FF4B92589F401005FB0FD /* MainViewController.swift in Sources */,
				D26543092A4C5B3C003B1AC0 /* KoreaEntryViewController.swift in Sources */,
				5BB01BAA2A540EE300EB0590 /* CommonLabel.swift in Sources */,
				D265430B2A4D32F3003B1AC0 /* KoreaEntryDataSource.swift in Sources */,
				5BA0DEE72A5A84050089E303 /* DecodingFailureViewController.swift in Sources */,
				5BB01BA22A51340900EB0590 /* Array +.swift in Sources */,
				D2DB54E02A49B366003F80C6 /* ParisExpositionInformation.swift in Sources */,
				5B04A3472A4E8D7D0059C690 /* KoreaEntryTableViewCell.swift in Sources */,
				5B04A3422A4DA3850059C690 /* Decoder.swift in Sources */,
				C79FF4B52589F401005FB0FD /* AppDelegate.swift in Sources */,
				D26543322A4E82D9003B1AC0 /* String +.swift in Sources */,
				D265432E2A4D6AC1003B1AC0 /* EntryDetailViewController.swift in Sources */,
				C79FF4B72589F401005FB0FD /* SceneDelegate.swift in Sources */,
			);
			runOnlyForDeploymentPostprocessing = 0;
		};
/* End PBXSourcesBuildPhase section */

/* Begin PBXVariantGroup section */
		C79FF4BF2589F404005FB0FD /* LaunchScreen.storyboard */ = {
			isa = PBXVariantGroup;
			children = (
				C79FF4C02589F404005FB0FD /* Base */,
			);
			name = LaunchScreen.storyboard;
			sourceTree = "<group>";
		};
/* End PBXVariantGroup section */

/* Begin XCBuildConfiguration section */
		C79FF4C32589F404005FB0FD /* Debug */ = {
			isa = XCBuildConfiguration;
			buildSettings = {
				ALWAYS_SEARCH_USER_PATHS = NO;
				CLANG_ANALYZER_NONNULL = YES;
				CLANG_ANALYZER_NUMBER_OBJECT_CONVERSION = YES_AGGRESSIVE;
				CLANG_CXX_LANGUAGE_STANDARD = "gnu++14";
				CLANG_CXX_LIBRARY = "libc++";
				CLANG_ENABLE_MODULES = YES;
				CLANG_ENABLE_OBJC_ARC = YES;
				CLANG_ENABLE_OBJC_WEAK = YES;
				CLANG_WARN_BLOCK_CAPTURE_AUTORELEASING = YES;
				CLANG_WARN_BOOL_CONVERSION = YES;
				CLANG_WARN_COMMA = YES;
				CLANG_WARN_CONSTANT_CONVERSION = YES;
				CLANG_WARN_DEPRECATED_OBJC_IMPLEMENTATIONS = YES;
				CLANG_WARN_DIRECT_OBJC_ISA_USAGE = YES_ERROR;
				CLANG_WARN_DOCUMENTATION_COMMENTS = YES;
				CLANG_WARN_EMPTY_BODY = YES;
				CLANG_WARN_ENUM_CONVERSION = YES;
				CLANG_WARN_INFINITE_RECURSION = YES;
				CLANG_WARN_INT_CONVERSION = YES;
				CLANG_WARN_NON_LITERAL_NULL_CONVERSION = YES;
				CLANG_WARN_OBJC_IMPLICIT_RETAIN_SELF = YES;
				CLANG_WARN_OBJC_LITERAL_CONVERSION = YES;
				CLANG_WARN_OBJC_ROOT_CLASS = YES_ERROR;
				CLANG_WARN_QUOTED_INCLUDE_IN_FRAMEWORK_HEADER = YES;
				CLANG_WARN_RANGE_LOOP_ANALYSIS = YES;
				CLANG_WARN_STRICT_PROTOTYPES = YES;
				CLANG_WARN_SUSPICIOUS_MOVE = YES;
				CLANG_WARN_UNGUARDED_AVAILABILITY = YES_AGGRESSIVE;
				CLANG_WARN_UNREACHABLE_CODE = YES;
				CLANG_WARN__DUPLICATE_METHOD_MATCH = YES;
				COPY_PHASE_STRIP = NO;
				DEBUG_INFORMATION_FORMAT = dwarf;
				ENABLE_STRICT_OBJC_MSGSEND = YES;
				ENABLE_TESTABILITY = YES;
				GCC_C_LANGUAGE_STANDARD = gnu11;
				GCC_DYNAMIC_NO_PIC = NO;
				GCC_NO_COMMON_BLOCKS = YES;
				GCC_OPTIMIZATION_LEVEL = 0;
				GCC_PREPROCESSOR_DEFINITIONS = (
					"DEBUG=1",
					"$(inherited)",
				);
				GCC_WARN_64_TO_32_BIT_CONVERSION = YES;
				GCC_WARN_ABOUT_RETURN_TYPE = YES_ERROR;
				GCC_WARN_UNDECLARED_SELECTOR = YES;
				GCC_WARN_UNINITIALIZED_AUTOS = YES_AGGRESSIVE;
				GCC_WARN_UNUSED_FUNCTION = YES;
				GCC_WARN_UNUSED_VARIABLE = YES;
				IPHONEOS_DEPLOYMENT_TARGET = 14.0;
				MTL_ENABLE_DEBUG_INFO = INCLUDE_SOURCE;
				MTL_FAST_MATH = YES;
				ONLY_ACTIVE_ARCH = YES;
				SDKROOT = iphoneos;
				SWIFT_ACTIVE_COMPILATION_CONDITIONS = DEBUG;
				SWIFT_OPTIMIZATION_LEVEL = "-Onone";
			};
			name = Debug;
		};
		C79FF4C42589F404005FB0FD /* Release */ = {
			isa = XCBuildConfiguration;
			buildSettings = {
				ALWAYS_SEARCH_USER_PATHS = NO;
				CLANG_ANALYZER_NONNULL = YES;
				CLANG_ANALYZER_NUMBER_OBJECT_CONVERSION = YES_AGGRESSIVE;
				CLANG_CXX_LANGUAGE_STANDARD = "gnu++14";
				CLANG_CXX_LIBRARY = "libc++";
				CLANG_ENABLE_MODULES = YES;
				CLANG_ENABLE_OBJC_ARC = YES;
				CLANG_ENABLE_OBJC_WEAK = YES;
				CLANG_WARN_BLOCK_CAPTURE_AUTORELEASING = YES;
				CLANG_WARN_BOOL_CONVERSION = YES;
				CLANG_WARN_COMMA = YES;
				CLANG_WARN_CONSTANT_CONVERSION = YES;
				CLANG_WARN_DEPRECATED_OBJC_IMPLEMENTATIONS = YES;
				CLANG_WARN_DIRECT_OBJC_ISA_USAGE = YES_ERROR;
				CLANG_WARN_DOCUMENTATION_COMMENTS = YES;
				CLANG_WARN_EMPTY_BODY = YES;
				CLANG_WARN_ENUM_CONVERSION = YES;
				CLANG_WARN_INFINITE_RECURSION = YES;
				CLANG_WARN_INT_CONVERSION = YES;
				CLANG_WARN_NON_LITERAL_NULL_CONVERSION = YES;
				CLANG_WARN_OBJC_IMPLICIT_RETAIN_SELF = YES;
				CLANG_WARN_OBJC_LITERAL_CONVERSION = YES;
				CLANG_WARN_OBJC_ROOT_CLASS = YES_ERROR;
				CLANG_WARN_QUOTED_INCLUDE_IN_FRAMEWORK_HEADER = YES;
				CLANG_WARN_RANGE_LOOP_ANALYSIS = YES;
				CLANG_WARN_STRICT_PROTOTYPES = YES;
				CLANG_WARN_SUSPICIOUS_MOVE = YES;
				CLANG_WARN_UNGUARDED_AVAILABILITY = YES_AGGRESSIVE;
				CLANG_WARN_UNREACHABLE_CODE = YES;
				CLANG_WARN__DUPLICATE_METHOD_MATCH = YES;
				COPY_PHASE_STRIP = NO;
				DEBUG_INFORMATION_FORMAT = "dwarf-with-dsym";
				ENABLE_NS_ASSERTIONS = NO;
				ENABLE_STRICT_OBJC_MSGSEND = YES;
				GCC_C_LANGUAGE_STANDARD = gnu11;
				GCC_NO_COMMON_BLOCKS = YES;
				GCC_WARN_64_TO_32_BIT_CONVERSION = YES;
				GCC_WARN_ABOUT_RETURN_TYPE = YES_ERROR;
				GCC_WARN_UNDECLARED_SELECTOR = YES;
				GCC_WARN_UNINITIALIZED_AUTOS = YES_AGGRESSIVE;
				GCC_WARN_UNUSED_FUNCTION = YES;
				GCC_WARN_UNUSED_VARIABLE = YES;
				IPHONEOS_DEPLOYMENT_TARGET = 14.0;
				MTL_ENABLE_DEBUG_INFO = NO;
				MTL_FAST_MATH = YES;
				SDKROOT = iphoneos;
				SWIFT_COMPILATION_MODE = wholemodule;
				SWIFT_OPTIMIZATION_LEVEL = "-O";
				VALIDATE_PRODUCT = YES;
			};
			name = Release;
		};
		C79FF4C62589F404005FB0FD /* Debug */ = {
			isa = XCBuildConfiguration;
			buildSettings = {
				ASSETCATALOG_COMPILER_APPICON_NAME = AppIcon;
				ASSETCATALOG_COMPILER_GLOBAL_ACCENT_COLOR_NAME = AccentColor;
				CODE_SIGN_STYLE = Automatic;
				INFOPLIST_FILE = Expo1900/Info.plist;
				LD_RUNPATH_SEARCH_PATHS = (
					"$(inherited)",
					"@executable_path/Frameworks",
				);
				PRODUCT_BUNDLE_IDENTIFIER = net.yagom.Expo1900;
				PRODUCT_NAME = "$(TARGET_NAME)";
				SWIFT_VERSION = 5.0;
				TARGETED_DEVICE_FAMILY = 1;
			};
			name = Debug;
		};
		C79FF4C72589F404005FB0FD /* Release */ = {
			isa = XCBuildConfiguration;
			buildSettings = {
				ASSETCATALOG_COMPILER_APPICON_NAME = AppIcon;
				ASSETCATALOG_COMPILER_GLOBAL_ACCENT_COLOR_NAME = AccentColor;
				CODE_SIGN_STYLE = Automatic;
				INFOPLIST_FILE = Expo1900/Info.plist;
				LD_RUNPATH_SEARCH_PATHS = (
					"$(inherited)",
					"@executable_path/Frameworks",
				);
				PRODUCT_BUNDLE_IDENTIFIER = net.yagom.Expo1900;
				PRODUCT_NAME = "$(TARGET_NAME)";
				SWIFT_VERSION = 5.0;
				TARGETED_DEVICE_FAMILY = 1;
			};
			name = Release;
		};
/* End XCBuildConfiguration section */

/* Begin XCConfigurationList section */
		C79FF4AC2589F401005FB0FD /* Build configuration list for PBXProject "Expo1900" */ = {
			isa = XCConfigurationList;
			buildConfigurations = (
				C79FF4C32589F404005FB0FD /* Debug */,
				C79FF4C42589F404005FB0FD /* Release */,
			);
			defaultConfigurationIsVisible = 0;
			defaultConfigurationName = Release;
		};
		C79FF4C52589F404005FB0FD /* Build configuration list for PBXNativeTarget "Expo1900" */ = {
			isa = XCConfigurationList;
			buildConfigurations = (
				C79FF4C62589F404005FB0FD /* Debug */,
				C79FF4C72589F404005FB0FD /* Release */,
			);
			defaultConfigurationIsVisible = 0;
			defaultConfigurationName = Release;
		};
/* End XCConfigurationList section */
	};
	rootObject = C79FF4A92589F401005FB0FD /* Project object */;
}
