// !$*UTF8*$!
{
	archiveVersion = 1;
	classes = {
	};
	objectVersion = 50;
	objects = {

/* Begin PBXBuildFile section */
		272824F626931ECB002EF5B3 /* Item.swift in Sources */ = {isa = PBXBuildFile; fileRef = 272824F526931ECA002EF5B3 /* Item.swift */; };
		C79FF4B52589F401005FB0FD /* AppDelegate.swift in Sources */ = {isa = PBXBuildFile; fileRef = C79FF4B42589F401005FB0FD /* AppDelegate.swift */; };
		C79FF4B72589F401005FB0FD /* SceneDelegate.swift in Sources */ = {isa = PBXBuildFile; fileRef = C79FF4B62589F401005FB0FD /* SceneDelegate.swift */; };
		C79FF4B92589F401005FB0FD /* MainViewController.swift in Sources */ = {isa = PBXBuildFile; fileRef = C79FF4B82589F401005FB0FD /* MainViewController.swift */; };
		C79FF4BC2589F401005FB0FD /* Main.storyboard in Resources */ = {isa = PBXBuildFile; fileRef = C79FF4BA2589F401005FB0FD /* Main.storyboard */; };
		C79FF4BE2589F404005FB0FD /* Assets.xcassets in Resources */ = {isa = PBXBuildFile; fileRef = C79FF4BD2589F404005FB0FD /* Assets.xcassets */; };
		C79FF4C12589F404005FB0FD /* LaunchScreen.storyboard in Resources */ = {isa = PBXBuildFile; fileRef = C79FF4BF2589F404005FB0FD /* LaunchScreen.storyboard */; };
		D422DB0526931D0300200B11 /* Exposition.swift in Sources */ = {isa = PBXBuildFile; fileRef = D422DB0426931D0300200B11 /* Exposition.swift */; };
/* End PBXBuildFile section */

/* Begin PBXFileReference section */
		272824F526931ECA002EF5B3 /* Item.swift */ = {isa = PBXFileReference; lastKnownFileType = sourcecode.swift; path = Item.swift; sourceTree = "<group>"; };
		C79FF4B12589F401005FB0FD /* Expo1900.app */ = {isa = PBXFileReference; explicitFileType = wrapper.application; includeInIndex = 0; path = Expo1900.app; sourceTree = BUILT_PRODUCTS_DIR; };
		C79FF4B42589F401005FB0FD /* AppDelegate.swift */ = {isa = PBXFileReference; lastKnownFileType = sourcecode.swift; path = AppDelegate.swift; sourceTree = "<group>"; };
		C79FF4B62589F401005FB0FD /* SceneDelegate.swift */ = {isa = PBXFileReference; lastKnownFileType = sourcecode.swift; path = SceneDelegate.swift; sourceTree = "<group>"; };
		C79FF4B82589F401005FB0FD /* MainViewController.swift */ = {isa = PBXFileReference; lastKnownFileType = sourcecode.swift; path = MainViewController.swift; sourceTree = "<group>"; };
		C79FF4BB2589F401005FB0FD /* Base */ = {isa = PBXFileReference; lastKnownFileType = file.storyboard; name = Base; path = Base.lproj/Main.storyboard; sourceTree = "<group>"; };
		C79FF4BD2589F404005FB0FD /* Assets.xcassets */ = {isa = PBXFileReference; lastKnownFileType = folder.assetcatalog; path = Assets.xcassets; sourceTree = "<group>"; };
		C79FF4C02589F404005FB0FD /* Base */ = {isa = PBXFileReference; lastKnownFileType = file.storyboard; name = Base; path = Base.lproj/LaunchScreen.storyboard; sourceTree = "<group>"; };
		C79FF4C22589F404005FB0FD /* Info.plist */ = {isa = PBXFileReference; lastKnownFileType = text.plist.xml; path = Info.plist; sourceTree = "<group>"; };
		D422DB0426931D0300200B11 /* Exposition.swift */ = {isa = PBXFileReference; lastKnownFileType = sourcecode.swift; path = Exposition.swift; sourceTree = "<group>"; };
/* End PBXFileReference section */

/* Begin PBXFrameworksBuildPhase section */
		C79FF4AE2589F401005FB0FD /* Frameworks */ = {
			isa = PBXFrameworksBuildPhase;
			buildActionMask = 2147483647;
			files = (
			);
			runOnlyForDeploymentPostprocessing = 0;
		};
/* End PBXFrameworksBuildPhase section */

/* Begin PBXGroup section */
		272824F1269313A1002EF5B3 /* Storyboard */ = {
			isa = PBXGroup;
			children = (
				C79FF4BA2589F401005FB0FD /* Main.storyboard */,
				C79FF4BF2589F404005FB0FD /* LaunchScreen.storyboard */,
			);
			path = Storyboard;
			sourceTree = "<group>";
		};
		272824F2269313AA002EF5B3 /* ViewController */ = {
			isa = PBXGroup;
			children = (
				C79FF4B82589F401005FB0FD /* MainViewController.swift */,
			);
			path = ViewController;
			sourceTree = "<group>";
		};
		272824F4269313FA002EF5B3 /* App */ = {
			isa = PBXGroup;
			children = (
				C79FF4BD2589F404005FB0FD /* Assets.xcassets */,
				C79FF4C22589F404005FB0FD /* Info.plist */,
				C79FF4B42589F401005FB0FD /* AppDelegate.swift */,
				C79FF4B62589F401005FB0FD /* SceneDelegate.swift */,
			);
			path = App;
			sourceTree = "<group>";
		};
		C79FF4A82589F401005FB0FD = {
			isa = PBXGroup;
			children = (
				C79FF4B32589F401005FB0FD /* Expo1900 */,
				C79FF4B22589F401005FB0FD /* Products */,
			);
			sourceTree = "<group>";
		};
		C79FF4B22589F401005FB0FD /* Products */ = {
			isa = PBXGroup;
			children = (
				C79FF4B12589F401005FB0FD /* Expo1900.app */,
			);
			name = Products;
			sourceTree = "<group>";
		};
		C79FF4B32589F401005FB0FD /* Expo1900 */ = {
			isa = PBXGroup;
			children = (
				D422DB0326931CFB00200B11 /* JSONModel */,
				272824F4269313FA002EF5B3 /* App */,
				272824F2269313AA002EF5B3 /* ViewController */,
				272824F1269313A1002EF5B3 /* Storyboard */,
			);
			path = Expo1900;
			sourceTree = "<group>";
		};
		D422DB0326931CFB00200B11 /* JSONModel */ = {
			isa = PBXGroup;
			children = (
				D422DB0426931D0300200B11 /* Exposition.swift */,
				272824F526931ECA002EF5B3 /* Item.swift */,
			);
			path = JSONModel;
			sourceTree = "<group>";
		};
/* End PBXGroup section */

/* Begin PBXNativeTarget section */
		C79FF4B02589F401005FB0FD /* Expo1900 */ = {
			isa = PBXNativeTarget;
			buildConfigurationList = C79FF4C52589F404005FB0FD /* Build configuration list for PBXNativeTarget "Expo1900" */;
			buildPhases = (
				C79FF4AD2589F401005FB0FD /* Sources */,
				C79FF4AE2589F401005FB0FD /* Frameworks */,
				C79FF4AF2589F401005FB0FD /* Resources */,
			);
			buildRules = (
			);
			dependencies = (
			);
			name = Expo1900;
			productName = Expo1900;
			productReference = C79FF4B12589F401005FB0FD /* Expo1900.app */;
			productType = "com.apple.product-type.application";
		};
/* End PBXNativeTarget section */

/* Begin PBXProject section */
		C79FF4A92589F401005FB0FD /* Project object */ = {
			isa = PBXProject;
			attributes = {
				LastSwiftUpdateCheck = 1210;
				LastUpgradeCheck = 1210;
				TargetAttributes = {
					C79FF4B02589F401005FB0FD = {
						CreatedOnToolsVersion = 12.1;
					};
				};
			};
			buildConfigurationList = C79FF4AC2589F401005FB0FD /* Build configuration list for PBXProject "Expo1900" */;
			compatibilityVersion = "Xcode 9.3";
			developmentRegion = en;
			hasScannedForEncodings = 0;
			knownRegions = (
				en,
				Base,
			);
			mainGroup = C79FF4A82589F401005FB0FD;
			productRefGroup = C79FF4B22589F401005FB0FD /* Products */;
			projectDirPath = "";
			projectRoot = "";
			targets = (
				C79FF4B02589F401005FB0FD /* Expo1900 */,
			);
		};
/* End PBXProject section */

/* Begin PBXResourcesBuildPhase section */
		C79FF4AF2589F401005FB0FD /* Resources */ = {
			isa = PBXResourcesBuildPhase;
			buildActionMask = 2147483647;
			files = (
				C79FF4C12589F404005FB0FD /* LaunchScreen.storyboard in Resources */,
				C79FF4BE2589F404005FB0FD /* Assets.xcassets in Resources */,
				C79FF4BC2589F401005FB0FD /* Main.storyboard in Resources */,
			);
			runOnlyForDeploymentPostprocessing = 0;
		};
/* End PBXResourcesBuildPhase section */

/* Begin PBXSourcesBuildPhase section */
		C79FF4AD2589F401005FB0FD /* Sources */ = {
			isa = PBXSourcesBuildPhase;
			buildActionMask = 2147483647;
			files = (
				272824F626931ECB002EF5B3 /* Item.swift in Sources */,
				C79FF4B92589F401005FB0FD /* MainViewController.swift in Sources */,
				D422DB0526931D0300200B11 /* Exposition.swift in Sources */,
				C79FF4B52589F401005FB0FD /* AppDelegate.swift in Sources */,
				C79FF4B72589F401005FB0FD /* SceneDelegate.swift in Sources */,
			);
			runOnlyForDeploymentPostprocessing = 0;
		};
/* End PBXSourcesBuildPhase section */

/* Begin PBXVariantGroup section */
		C79FF4BA2589F401005FB0FD /* Main.storyboard */ = {
			isa = PBXVariantGroup;
			children = (
				C79FF4BB2589F401005FB0FD /* Base */,
			);
			name = Main.storyboard;
			sourceTree = "<group>";
		};
		C79FF4BF2589F404005FB0FD /* LaunchScreen.storyboard */ = {
			isa = PBXVariantGroup;
			children = (
				C79FF4C02589F404005FB0FD /* Base */,
			);
			name = LaunchScreen.storyboard;
			sourceTree = "<group>";
		};
/* End PBXVariantGroup section */

/* Begin XCBuildConfiguration section */
		C79FF4C32589F404005FB0FD /* Debug */ = {
			isa = XCBuildConfiguration;
			buildSettings = {
				ALWAYS_SEARCH_USER_PATHS = NO;
				CLANG_ANALYZER_NONNULL = YES;
				CLANG_ANALYZER_NUMBER_OBJECT_CONVERSION = YES_AGGRESSIVE;
				CLANG_CXX_LANGUAGE_STANDARD = "gnu++14";
				CLANG_CXX_LIBRARY = "libc++";
				CLANG_ENABLE_MODULES = YES;
				CLANG_ENABLE_OBJC_ARC = YES;
				CLANG_ENABLE_OBJC_WEAK = YES;
				CLANG_WARN_BLOCK_CAPTURE_AUTORELEASING = YES;
				CLANG_WARN_BOOL_CONVERSION = YES;
				CLANG_WARN_COMMA = YES;
				CLANG_WARN_CONSTANT_CONVERSION = YES;
				CLANG_WARN_DEPRECATED_OBJC_IMPLEMENTATIONS = YES;
				CLANG_WARN_DIRECT_OBJC_ISA_USAGE = YES_ERROR;
				CLANG_WARN_DOCUMENTATION_COMMENTS = YES;
				CLANG_WARN_EMPTY_BODY = YES;
				CLANG_WARN_ENUM_CONVERSION = YES;
				CLANG_WARN_INFINITE_RECURSION = YES;
				CLANG_WARN_INT_CONVERSION = YES;
				CLANG_WARN_NON_LITERAL_NULL_CONVERSION = YES;
				CLANG_WARN_OBJC_IMPLICIT_RETAIN_SELF = YES;
				CLANG_WARN_OBJC_LITERAL_CONVERSION = YES;
				CLANG_WARN_OBJC_ROOT_CLASS = YES_ERROR;
				CLANG_WARN_QUOTED_INCLUDE_IN_FRAMEWORK_HEADER = YES;
				CLANG_WARN_RANGE_LOOP_ANALYSIS = YES;
				CLANG_WARN_STRICT_PROTOTYPES = YES;
				CLANG_WARN_SUSPICIOUS_MOVE = YES;
				CLANG_WARN_UNGUARDED_AVAILABILITY = YES_AGGRESSIVE;
				CLANG_WARN_UNREACHABLE_CODE = YES;
				CLANG_WARN__DUPLICATE_METHOD_MATCH = YES;
				COPY_PHASE_STRIP = NO;
				DEBUG_INFORMATION_FORMAT = dwarf;
				ENABLE_STRICT_OBJC_MSGSEND = YES;
				ENABLE_TESTABILITY = YES;
				GCC_C_LANGUAGE_STANDARD = gnu11;
				GCC_DYNAMIC_NO_PIC = NO;
				GCC_NO_COMMON_BLOCKS = YES;
				GCC_OPTIMIZATION_LEVEL = 0;
				GCC_PREPROCESSOR_DEFINITIONS = (
					"DEBUG=1",
					"$(inherited)",
				);
				GCC_WARN_64_TO_32_BIT_CONVERSION = YES;
				GCC_WARN_ABOUT_RETURN_TYPE = YES_ERROR;
				GCC_WARN_UNDECLARED_SELECTOR = YES;
				GCC_WARN_UNINITIALIZED_AUTOS = YES_AGGRESSIVE;
				GCC_WARN_UNUSED_FUNCTION = YES;
				GCC_WARN_UNUSED_VARIABLE = YES;
				IPHONEOS_DEPLOYMENT_TARGET = 14.0;
				MTL_ENABLE_DEBUG_INFO = INCLUDE_SOURCE;
				MTL_FAST_MATH = YES;
				ONLY_ACTIVE_ARCH = YES;
				SDKROOT = iphoneos;
				SWIFT_ACTIVE_COMPILATION_CONDITIONS = DEBUG;
				SWIFT_OPTIMIZATION_LEVEL = "-Onone";
			};
			name = Debug;
		};
		C79FF4C42589F404005FB0FD /* Release */ = {
			isa = XCBuildConfiguration;
			buildSettings = {
				ALWAYS_SEARCH_USER_PATHS = NO;
				CLANG_ANALYZER_NONNULL = YES;
				CLANG_ANALYZER_NUMBER_OBJECT_CONVERSION = YES_AGGRESSIVE;
				CLANG_CXX_LANGUAGE_STANDARD = "gnu++14";
				CLANG_CXX_LIBRARY = "libc++";
				CLANG_ENABLE_MODULES = YES;
				CLANG_ENABLE_OBJC_ARC = YES;
				CLANG_ENABLE_OBJC_WEAK = YES;
				CLANG_WARN_BLOCK_CAPTURE_AUTORELEASING = YES;
				CLANG_WARN_BOOL_CONVERSION = YES;
				CLANG_WARN_COMMA = YES;
				CLANG_WARN_CONSTANT_CONVERSION = YES;
				CLANG_WARN_DEPRECATED_OBJC_IMPLEMENTATIONS = YES;
				CLANG_WARN_DIRECT_OBJC_ISA_USAGE = YES_ERROR;
				CLANG_WARN_DOCUMENTATION_COMMENTS = YES;
				CLANG_WARN_EMPTY_BODY = YES;
				CLANG_WARN_ENUM_CONVERSION = YES;
				CLANG_WARN_INFINITE_RECURSION = YES;
				CLANG_WARN_INT_CONVERSION = YES;
				CLANG_WARN_NON_LITERAL_NULL_CONVERSION = YES;
				CLANG_WARN_OBJC_IMPLICIT_RETAIN_SELF = YES;
				CLANG_WARN_OBJC_LITERAL_CONVERSION = YES;
				CLANG_WARN_OBJC_ROOT_CLASS = YES_ERROR;
				CLANG_WARN_QUOTED_INCLUDE_IN_FRAMEWORK_HEADER = YES;
				CLANG_WARN_RANGE_LOOP_ANALYSIS = YES;
				CLANG_WARN_STRICT_PROTOTYPES = YES;
				CLANG_WARN_SUSPICIOUS_MOVE = YES;
				CLANG_WARN_UNGUARDED_AVAILABILITY = YES_AGGRESSIVE;
				CLANG_WARN_UNREACHABLE_CODE = YES;
				CLANG_WARN__DUPLICATE_METHOD_MATCH = YES;
				COPY_PHASE_STRIP = NO;
				DEBUG_INFORMATION_FORMAT = "dwarf-with-dsym";
				ENABLE_NS_ASSERTIONS = NO;
				ENABLE_STRICT_OBJC_MSGSEND = YES;
				GCC_C_LANGUAGE_STANDARD = gnu11;
				GCC_NO_COMMON_BLOCKS = YES;
				GCC_WARN_64_TO_32_BIT_CONVERSION = YES;
				GCC_WARN_ABOUT_RETURN_TYPE = YES_ERROR;
				GCC_WARN_UNDECLARED_SELECTOR = YES;
				GCC_WARN_UNINITIALIZED_AUTOS = YES_AGGRESSIVE;
				GCC_WARN_UNUSED_FUNCTION = YES;
				GCC_WARN_UNUSED_VARIABLE = YES;
				IPHONEOS_DEPLOYMENT_TARGET = 14.0;
				MTL_ENABLE_DEBUG_INFO = NO;
				MTL_FAST_MATH = YES;
				SDKROOT = iphoneos;
				SWIFT_COMPILATION_MODE = wholemodule;
				SWIFT_OPTIMIZATION_LEVEL = "-O";
				VALIDATE_PRODUCT = YES;
			};
			name = Release;
		};
		C79FF4C62589F404005FB0FD /* Debug */ = {
			isa = XCBuildConfiguration;
			buildSettings = {
				ASSETCATALOG_COMPILER_GLOBAL_ACCENT_COLOR_NAME = AccentColor;
				CODE_SIGN_STYLE = Automatic;
				INFOPLIST_FILE = Expo1900/App/Info.plist;
				LD_RUNPATH_SEARCH_PATHS = (
					"$(inherited)",
					"@executable_path/Frameworks",
				);
				PRODUCT_BUNDLE_IDENTIFIER = net.yagom.Expo1900;
				PRODUCT_NAME = "$(TARGET_NAME)";
				SWIFT_VERSION = 5.0;
				TARGETED_DEVICE_FAMILY = 1;
			};
			name = Debug;
		};
		C79FF4C72589F404005FB0FD /* Release */ = {
			isa = XCBuildConfiguration;
			buildSettings = {
				ASSETCATALOG_COMPILER_GLOBAL_ACCENT_COLOR_NAME = AccentColor;
				CODE_SIGN_STYLE = Automatic;
				INFOPLIST_FILE = Expo1900/App/Info.plist;
				LD_RUNPATH_SEARCH_PATHS = (
					"$(inherited)",
					"@executable_path/Frameworks",
				);
				PRODUCT_BUNDLE_IDENTIFIER = net.yagom.Expo1900;
				PRODUCT_NAME = "$(TARGET_NAME)";
				SWIFT_VERSION = 5.0;
				TARGETED_DEVICE_FAMILY = 1;
			};
			name = Release;
		};
/* End XCBuildConfiguration section */

/* Begin XCConfigurationList section */
		C79FF4AC2589F401005FB0FD /* Build configuration list for PBXProject "Expo1900" */ = {
			isa = XCConfigurationList;
			buildConfigurations = (
				C79FF4C32589F404005FB0FD /* Debug */,
				C79FF4C42589F404005FB0FD /* Release */,
			);
			defaultConfigurationIsVisible = 0;
			defaultConfigurationName = Release;
		};
		C79FF4C52589F404005FB0FD /* Build configuration list for PBXNativeTarget "Expo1900" */ = {
			isa = XCConfigurationList;
			buildConfigurations = (
				C79FF4C62589F404005FB0FD /* Debug */,
				C79FF4C72589F404005FB0FD /* Release */,
			);
			defaultConfigurationIsVisible = 0;
			defaultConfigurationName = Release;
		};
/* End XCConfigurationList section */
	};
	rootObject = C79FF4A92589F401005FB0FD /* Project object */;
}
