// !$*UTF8*$!
{
	archiveVersion = 1;
	classes = {
	};
	objectVersion = 50;
	objects = {

/* Begin PBXBuildFile section */
		4107340F29078EA800D16649 /* ExpoNavigationController.swift in Sources */ = {isa = PBXBuildFile; fileRef = 4107340E29078EA800D16649 /* ExpoNavigationController.swift */; };
		41B91B2628FE440900EEBF73 /* ExpoInformation.swift in Sources */ = {isa = PBXBuildFile; fileRef = 41B91B2528FE440900EEBF73 /* ExpoInformation.swift */; };
		41CBE88E2906C5C500E4615E /* EntryTableViewCell.swift in Sources */ = {isa = PBXBuildFile; fileRef = 41CBE88D2906C5C500E4615E /* EntryTableViewCell.swift */; };
		C79FF4B52589F401005FB0FD /* AppDelegate.swift in Sources */ = {isa = PBXBuildFile; fileRef = C79FF4B42589F401005FB0FD /* AppDelegate.swift */; };
		C79FF4B72589F401005FB0FD /* SceneDelegate.swift in Sources */ = {isa = PBXBuildFile; fileRef = C79FF4B62589F401005FB0FD /* SceneDelegate.swift */; };
		C79FF4B92589F401005FB0FD /* ExpoMainViewController.swift in Sources */ = {isa = PBXBuildFile; fileRef = C79FF4B82589F401005FB0FD /* ExpoMainViewController.swift */; };
		C79FF4BC2589F401005FB0FD /* Main.storyboard in Resources */ = {isa = PBXBuildFile; fileRef = C79FF4BA2589F401005FB0FD /* Main.storyboard */; };
		C79FF4BE2589F404005FB0FD /* Assets.xcassets in Resources */ = {isa = PBXBuildFile; fileRef = C79FF4BD2589F404005FB0FD /* Assets.xcassets */; };
		C79FF4C12589F404005FB0FD /* LaunchScreen.storyboard in Resources */ = {isa = PBXBuildFile; fileRef = C79FF4BF2589F404005FB0FD /* LaunchScreen.storyboard */; };
		E36C5A45290A398A00985638 /* String+Extension.swift in Sources */ = {isa = PBXBuildFile; fileRef = E36C5A44290A398A00985638 /* String+Extension.swift */; };
		E393FC5B28FE44A000492CBA /* Entry.swift in Sources */ = {isa = PBXBuildFile; fileRef = E393FC5A28FE44A000492CBA /* Entry.swift */; };
		E39B56562900F55900C224DF /* EntryViewController.swift in Sources */ = {isa = PBXBuildFile; fileRef = E39B56552900F55900C224DF /* EntryViewController.swift */; };
		E39B565A29013F4600C224DF /* DetailViewController.swift in Sources */ = {isa = PBXBuildFile; fileRef = E39B565929013F4600C224DF /* DetailViewController.swift */; };
		E3B485C328FF882B0033EF3C /* Expo1900Tests.swift in Sources */ = {isa = PBXBuildFile; fileRef = E3B485C228FF882B0033EF3C /* Expo1900Tests.swift */; };
		E3B485CA28FF8FD50033EF3C /* JSONDecoder+Extension.swift in Sources */ = {isa = PBXBuildFile; fileRef = E3B485C928FF8FD50033EF3C /* JSONDecoder+Extension.swift */; };
/* End PBXBuildFile section */

/* Begin PBXContainerItemProxy section */
		E3B485C428FF882B0033EF3C /* PBXContainerItemProxy */ = {
			isa = PBXContainerItemProxy;
			containerPortal = C79FF4A92589F401005FB0FD /* Project object */;
			proxyType = 1;
			remoteGlobalIDString = C79FF4B02589F401005FB0FD;
			remoteInfo = Expo1900;
		};
/* End PBXContainerItemProxy section */

/* Begin PBXFileReference section */
		4107340E29078EA800D16649 /* ExpoNavigationController.swift */ = {isa = PBXFileReference; lastKnownFileType = sourcecode.swift; path = ExpoNavigationController.swift; sourceTree = "<group>"; };
		41B91B2528FE440900EEBF73 /* ExpoInformation.swift */ = {isa = PBXFileReference; lastKnownFileType = sourcecode.swift; path = ExpoInformation.swift; sourceTree = "<group>"; };
		41CBE88D2906C5C500E4615E /* EntryTableViewCell.swift */ = {isa = PBXFileReference; lastKnownFileType = sourcecode.swift; path = EntryTableViewCell.swift; sourceTree = "<group>"; };
		C79FF4B12589F401005FB0FD /* Expo1900.app */ = {isa = PBXFileReference; explicitFileType = wrapper.application; includeInIndex = 0; path = Expo1900.app; sourceTree = BUILT_PRODUCTS_DIR; };
		C79FF4B42589F401005FB0FD /* AppDelegate.swift */ = {isa = PBXFileReference; lastKnownFileType = sourcecode.swift; path = AppDelegate.swift; sourceTree = "<group>"; };
		C79FF4B62589F401005FB0FD /* SceneDelegate.swift */ = {isa = PBXFileReference; lastKnownFileType = sourcecode.swift; path = SceneDelegate.swift; sourceTree = "<group>"; };
		C79FF4B82589F401005FB0FD /* ExpoMainViewController.swift */ = {isa = PBXFileReference; lastKnownFileType = sourcecode.swift; path = ExpoMainViewController.swift; sourceTree = "<group>"; };
		C79FF4BB2589F401005FB0FD /* Base */ = {isa = PBXFileReference; lastKnownFileType = file.storyboard; name = Base; path = Base.lproj/Main.storyboard; sourceTree = "<group>"; };
		C79FF4BD2589F404005FB0FD /* Assets.xcassets */ = {isa = PBXFileReference; lastKnownFileType = folder.assetcatalog; path = Assets.xcassets; sourceTree = "<group>"; };
		C79FF4C02589F404005FB0FD /* Base */ = {isa = PBXFileReference; lastKnownFileType = file.storyboard; name = Base; path = Base.lproj/LaunchScreen.storyboard; sourceTree = "<group>"; };
		C79FF4C22589F404005FB0FD /* Info.plist */ = {isa = PBXFileReference; lastKnownFileType = text.plist.xml; path = Info.plist; sourceTree = "<group>"; };
		E36C5A44290A398A00985638 /* String+Extension.swift */ = {isa = PBXFileReference; lastKnownFileType = sourcecode.swift; path = "String+Extension.swift"; sourceTree = "<group>"; };
		E393FC5A28FE44A000492CBA /* Entry.swift */ = {isa = PBXFileReference; lastKnownFileType = sourcecode.swift; path = Entry.swift; sourceTree = "<group>"; };
		E39B56552900F55900C224DF /* EntryViewController.swift */ = {isa = PBXFileReference; lastKnownFileType = sourcecode.swift; path = EntryViewController.swift; sourceTree = "<group>"; };
		E39B565929013F4600C224DF /* DetailViewController.swift */ = {isa = PBXFileReference; lastKnownFileType = sourcecode.swift; path = DetailViewController.swift; sourceTree = "<group>"; };
		E3B485C028FF882B0033EF3C /* Expo1900Tests.xctest */ = {isa = PBXFileReference; explicitFileType = wrapper.cfbundle; includeInIndex = 0; path = Expo1900Tests.xctest; sourceTree = BUILT_PRODUCTS_DIR; };
		E3B485C228FF882B0033EF3C /* Expo1900Tests.swift */ = {isa = PBXFileReference; lastKnownFileType = sourcecode.swift; path = Expo1900Tests.swift; sourceTree = "<group>"; };
		E3B485C928FF8FD50033EF3C /* JSONDecoder+Extension.swift */ = {isa = PBXFileReference; lastKnownFileType = sourcecode.swift; path = "JSONDecoder+Extension.swift"; sourceTree = "<group>"; };
/* End PBXFileReference section */

/* Begin PBXFrameworksBuildPhase section */
		C79FF4AE2589F401005FB0FD /* Frameworks */ = {
			isa = PBXFrameworksBuildPhase;
			buildActionMask = 2147483647;
			files = (
			);
			runOnlyForDeploymentPostprocessing = 0;
		};
		E3B485BD28FF882B0033EF3C /* Frameworks */ = {
			isa = PBXFrameworksBuildPhase;
			buildActionMask = 2147483647;
			files = (
			);
			runOnlyForDeploymentPostprocessing = 0;
		};
/* End PBXFrameworksBuildPhase section */

/* Begin PBXGroup section */
		4194941D29014C910016044C /* Model */ = {
			isa = PBXGroup;
			children = (
				4194942029014CBB0016044C /* DTO */,
				E3B485CB28FF90240033EF3C /* Extension */,
			);
			path = Model;
			sourceTree = "<group>";
		};
		4194941E29014C9C0016044C /* View */ = {
			isa = PBXGroup;
			children = (
				C79FF4BA2589F401005FB0FD /* Main.storyboard */,
				C79FF4BF2589F404005FB0FD /* LaunchScreen.storyboard */,
			);
			path = View;
			sourceTree = "<group>";
		};
		4194941F29014CB30016044C /* Controller */ = {
			isa = PBXGroup;
			children = (
				C79FF4B82589F401005FB0FD /* ExpoMainViewController.swift */,
				E39B56552900F55900C224DF /* EntryViewController.swift */,
				41CBE88D2906C5C500E4615E /* EntryTableViewCell.swift */,
				E39B565929013F4600C224DF /* DetailViewController.swift */,
				4107340E29078EA800D16649 /* ExpoNavigationController.swift */,
			);
			path = Controller;
			sourceTree = "<group>";
		};
		4194942029014CBB0016044C /* DTO */ = {
			isa = PBXGroup;
			children = (
				41B91B2528FE440900EEBF73 /* ExpoInformation.swift */,
				E393FC5A28FE44A000492CBA /* Entry.swift */,
			);
			path = DTO;
			sourceTree = "<group>";
		};
		C79FF4A82589F401005FB0FD = {
			isa = PBXGroup;
			children = (
				C79FF4B32589F401005FB0FD /* Expo1900 */,
				E3B485C128FF882B0033EF3C /* Expo1900Tests */,
				C79FF4B22589F401005FB0FD /* Products */,
			);
			sourceTree = "<group>";
		};
		C79FF4B22589F401005FB0FD /* Products */ = {
			isa = PBXGroup;
			children = (
				C79FF4B12589F401005FB0FD /* Expo1900.app */,
				E3B485C028FF882B0033EF3C /* Expo1900Tests.xctest */,
			);
			name = Products;
			sourceTree = "<group>";
		};
		C79FF4B32589F401005FB0FD /* Expo1900 */ = {
			isa = PBXGroup;
			children = (
				C79FF4B42589F401005FB0FD /* AppDelegate.swift */,
				C79FF4B62589F401005FB0FD /* SceneDelegate.swift */,
				4194941D29014C910016044C /* Model */,
				4194941F29014CB30016044C /* Controller */,
				4194941E29014C9C0016044C /* View */,
				C79FF4C22589F404005FB0FD /* Info.plist */,
				C79FF4BD2589F404005FB0FD /* Assets.xcassets */,
			);
			path = Expo1900;
			sourceTree = "<group>";
		};
		E3B485C128FF882B0033EF3C /* Expo1900Tests */ = {
			isa = PBXGroup;
			children = (
				E3B485C228FF882B0033EF3C /* Expo1900Tests.swift */,
			);
			path = Expo1900Tests;
			sourceTree = "<group>";
		};
		E3B485CB28FF90240033EF3C /* Extension */ = {
			isa = PBXGroup;
			children = (
				E3B485C928FF8FD50033EF3C /* JSONDecoder+Extension.swift */,
				E36C5A44290A398A00985638 /* String+Extension.swift */,
			);
			path = Extension;
			sourceTree = "<group>";
		};
/* End PBXGroup section */

/* Begin PBXNativeTarget section */
		C79FF4B02589F401005FB0FD /* Expo1900 */ = {
			isa = PBXNativeTarget;
			buildConfigurationList = C79FF4C52589F404005FB0FD /* Build configuration list for PBXNativeTarget "Expo1900" */;
			buildPhases = (
				C79FF4AD2589F401005FB0FD /* Sources */,
				C79FF4AE2589F401005FB0FD /* Frameworks */,
				C79FF4AF2589F401005FB0FD /* Resources */,
			);
			buildRules = (
			);
			dependencies = (
			);
			name = Expo1900;
			productName = Expo1900;
			productReference = C79FF4B12589F401005FB0FD /* Expo1900.app */;
			productType = "com.apple.product-type.application";
		};
		E3B485BF28FF882B0033EF3C /* Expo1900Tests */ = {
			isa = PBXNativeTarget;
			buildConfigurationList = E3B485C828FF882B0033EF3C /* Build configuration list for PBXNativeTarget "Expo1900Tests" */;
			buildPhases = (
				E3B485BC28FF882B0033EF3C /* Sources */,
				E3B485BD28FF882B0033EF3C /* Frameworks */,
				E3B485BE28FF882B0033EF3C /* Resources */,
			);
			buildRules = (
			);
			dependencies = (
				E3B485C528FF882B0033EF3C /* PBXTargetDependency */,
			);
			name = Expo1900Tests;
			productName = Expo1900Tests;
			productReference = E3B485C028FF882B0033EF3C /* Expo1900Tests.xctest */;
			productType = "com.apple.product-type.bundle.unit-test";
		};
/* End PBXNativeTarget section */

/* Begin PBXProject section */
		C79FF4A92589F401005FB0FD /* Project object */ = {
			isa = PBXProject;
			attributes = {
				LastSwiftUpdateCheck = 1340;
				LastUpgradeCheck = 1210;
				TargetAttributes = {
					C79FF4B02589F401005FB0FD = {
						CreatedOnToolsVersion = 12.1;
					};
					E3B485BF28FF882B0033EF3C = {
						CreatedOnToolsVersion = 13.4.1;
						TestTargetID = C79FF4B02589F401005FB0FD;
					};
				};
			};
			buildConfigurationList = C79FF4AC2589F401005FB0FD /* Build configuration list for PBXProject "Expo1900" */;
			compatibilityVersion = "Xcode 9.3";
			developmentRegion = en;
			hasScannedForEncodings = 0;
			knownRegions = (
				en,
				Base,
			);
			mainGroup = C79FF4A82589F401005FB0FD;
			productRefGroup = C79FF4B22589F401005FB0FD /* Products */;
			projectDirPath = "";
			projectRoot = "";
			targets = (
				C79FF4B02589F401005FB0FD /* Expo1900 */,
				E3B485BF28FF882B0033EF3C /* Expo1900Tests */,
			);
		};
/* End PBXProject section */

/* Begin PBXResourcesBuildPhase section */
		C79FF4AF2589F401005FB0FD /* Resources */ = {
			isa = PBXResourcesBuildPhase;
			buildActionMask = 2147483647;
			files = (
				C79FF4C12589F404005FB0FD /* LaunchScreen.storyboard in Resources */,
				C79FF4BE2589F404005FB0FD /* Assets.xcassets in Resources */,
				C79FF4BC2589F401005FB0FD /* Main.storyboard in Resources */,
			);
			runOnlyForDeploymentPostprocessing = 0;
		};
		E3B485BE28FF882B0033EF3C /* Resources */ = {
			isa = PBXResourcesBuildPhase;
			buildActionMask = 2147483647;
			files = (
			);
			runOnlyForDeploymentPostprocessing = 0;
		};
/* End PBXResourcesBuildPhase section */

/* Begin PBXSourcesBuildPhase section */
		C79FF4AD2589F401005FB0FD /* Sources */ = {
			isa = PBXSourcesBuildPhase;
			buildActionMask = 2147483647;
			files = (
				41CBE88E2906C5C500E4615E /* EntryTableViewCell.swift in Sources */,
				E36C5A45290A398A00985638 /* String+Extension.swift in Sources */,
				E3B485CA28FF8FD50033EF3C /* JSONDecoder+Extension.swift in Sources */,
				E393FC5B28FE44A000492CBA /* Entry.swift in Sources */,
				C79FF4B92589F401005FB0FD /* ExpoMainViewController.swift in Sources */,
				E39B56562900F55900C224DF /* EntryViewController.swift in Sources */,
				4107340F29078EA800D16649 /* ExpoNavigationController.swift in Sources */,
				C79FF4B52589F401005FB0FD /* AppDelegate.swift in Sources */,
				41B91B2628FE440900EEBF73 /* ExpoInformation.swift in Sources */,
				C79FF4B72589F401005FB0FD /* SceneDelegate.swift in Sources */,
				E39B565A29013F4600C224DF /* DetailViewController.swift in Sources */,
			);
			runOnlyForDeploymentPostprocessing = 0;
		};
		E3B485BC28FF882B0033EF3C /* Sources */ = {
			isa = PBXSourcesBuildPhase;
			buildActionMask = 2147483647;
			files = (
				E3B485C328FF882B0033EF3C /* Expo1900Tests.swift in Sources */,
			);
			runOnlyForDeploymentPostprocessing = 0;
		};
/* End PBXSourcesBuildPhase section */

/* Begin PBXTargetDependency section */
		E3B485C528FF882B0033EF3C /* PBXTargetDependency */ = {
			isa = PBXTargetDependency;
			target = C79FF4B02589F401005FB0FD /* Expo1900 */;
			targetProxy = E3B485C428FF882B0033EF3C /* PBXContainerItemProxy */;
		};
/* End PBXTargetDependency section */

/* Begin PBXVariantGroup section */
		C79FF4BA2589F401005FB0FD /* Main.storyboard */ = {
			isa = PBXVariantGroup;
			children = (
				C79FF4BB2589F401005FB0FD /* Base */,
			);
			name = Main.storyboard;
			sourceTree = "<group>";
		};
		C79FF4BF2589F404005FB0FD /* LaunchScreen.storyboard */ = {
			isa = PBXVariantGroup;
			children = (
				C79FF4C02589F404005FB0FD /* Base */,
			);
			name = LaunchScreen.storyboard;
			sourceTree = "<group>";
		};
/* End PBXVariantGroup section */

/* Begin XCBuildConfiguration section */
		C79FF4C32589F404005FB0FD /* Debug */ = {
			isa = XCBuildConfiguration;
			buildSettings = {
				ALWAYS_SEARCH_USER_PATHS = NO;
				CLANG_ANALYZER_NONNULL = YES;
				CLANG_ANALYZER_NUMBER_OBJECT_CONVERSION = YES_AGGRESSIVE;
				CLANG_CXX_LANGUAGE_STANDARD = "gnu++14";
				CLANG_CXX_LIBRARY = "libc++";
				CLANG_ENABLE_MODULES = YES;
				CLANG_ENABLE_OBJC_ARC = YES;
				CLANG_ENABLE_OBJC_WEAK = YES;
				CLANG_WARN_BLOCK_CAPTURE_AUTORELEASING = YES;
				CLANG_WARN_BOOL_CONVERSION = YES;
				CLANG_WARN_COMMA = YES;
				CLANG_WARN_CONSTANT_CONVERSION = YES;
				CLANG_WARN_DEPRECATED_OBJC_IMPLEMENTATIONS = YES;
				CLANG_WARN_DIRECT_OBJC_ISA_USAGE = YES_ERROR;
				CLANG_WARN_DOCUMENTATION_COMMENTS = YES;
				CLANG_WARN_EMPTY_BODY = YES;
				CLANG_WARN_ENUM_CONVERSION = YES;
				CLANG_WARN_INFINITE_RECURSION = YES;
				CLANG_WARN_INT_CONVERSION = YES;
				CLANG_WARN_NON_LITERAL_NULL_CONVERSION = YES;
				CLANG_WARN_OBJC_IMPLICIT_RETAIN_SELF = YES;
				CLANG_WARN_OBJC_LITERAL_CONVERSION = YES;
				CLANG_WARN_OBJC_ROOT_CLASS = YES_ERROR;
				CLANG_WARN_QUOTED_INCLUDE_IN_FRAMEWORK_HEADER = YES;
				CLANG_WARN_RANGE_LOOP_ANALYSIS = YES;
				CLANG_WARN_STRICT_PROTOTYPES = YES;
				CLANG_WARN_SUSPICIOUS_MOVE = YES;
				CLANG_WARN_UNGUARDED_AVAILABILITY = YES_AGGRESSIVE;
				CLANG_WARN_UNREACHABLE_CODE = YES;
				CLANG_WARN__DUPLICATE_METHOD_MATCH = YES;
				COPY_PHASE_STRIP = NO;
				DEBUG_INFORMATION_FORMAT = dwarf;
				ENABLE_STRICT_OBJC_MSGSEND = YES;
				ENABLE_TESTABILITY = YES;
				GCC_C_LANGUAGE_STANDARD = gnu11;
				GCC_DYNAMIC_NO_PIC = NO;
				GCC_NO_COMMON_BLOCKS = YES;
				GCC_OPTIMIZATION_LEVEL = 0;
				GCC_PREPROCESSOR_DEFINITIONS = (
					"DEBUG=1",
					"$(inherited)",
				);
				GCC_WARN_64_TO_32_BIT_CONVERSION = YES;
				GCC_WARN_ABOUT_RETURN_TYPE = YES_ERROR;
				GCC_WARN_UNDECLARED_SELECTOR = YES;
				GCC_WARN_UNINITIALIZED_AUTOS = YES_AGGRESSIVE;
				GCC_WARN_UNUSED_FUNCTION = YES;
				GCC_WARN_UNUSED_VARIABLE = YES;
				IPHONEOS_DEPLOYMENT_TARGET = 14.0;
				MTL_ENABLE_DEBUG_INFO = INCLUDE_SOURCE;
				MTL_FAST_MATH = YES;
				ONLY_ACTIVE_ARCH = YES;
				SDKROOT = iphoneos;
				SWIFT_ACTIVE_COMPILATION_CONDITIONS = DEBUG;
				SWIFT_OPTIMIZATION_LEVEL = "-Onone";
			};
			name = Debug;
		};
		C79FF4C42589F404005FB0FD /* Release */ = {
			isa = XCBuildConfiguration;
			buildSettings = {
				ALWAYS_SEARCH_USER_PATHS = NO;
				CLANG_ANALYZER_NONNULL = YES;
				CLANG_ANALYZER_NUMBER_OBJECT_CONVERSION = YES_AGGRESSIVE;
				CLANG_CXX_LANGUAGE_STANDARD = "gnu++14";
				CLANG_CXX_LIBRARY = "libc++";
				CLANG_ENABLE_MODULES = YES;
				CLANG_ENABLE_OBJC_ARC = YES;
				CLANG_ENABLE_OBJC_WEAK = YES;
				CLANG_WARN_BLOCK_CAPTURE_AUTORELEASING = YES;
				CLANG_WARN_BOOL_CONVERSION = YES;
				CLANG_WARN_COMMA = YES;
				CLANG_WARN_CONSTANT_CONVERSION = YES;
				CLANG_WARN_DEPRECATED_OBJC_IMPLEMENTATIONS = YES;
				CLANG_WARN_DIRECT_OBJC_ISA_USAGE = YES_ERROR;
				CLANG_WARN_DOCUMENTATION_COMMENTS = YES;
				CLANG_WARN_EMPTY_BODY = YES;
				CLANG_WARN_ENUM_CONVERSION = YES;
				CLANG_WARN_INFINITE_RECURSION = YES;
				CLANG_WARN_INT_CONVERSION = YES;
				CLANG_WARN_NON_LITERAL_NULL_CONVERSION = YES;
				CLANG_WARN_OBJC_IMPLICIT_RETAIN_SELF = YES;
				CLANG_WARN_OBJC_LITERAL_CONVERSION = YES;
				CLANG_WARN_OBJC_ROOT_CLASS = YES_ERROR;
				CLANG_WARN_QUOTED_INCLUDE_IN_FRAMEWORK_HEADER = YES;
				CLANG_WARN_RANGE_LOOP_ANALYSIS = YES;
				CLANG_WARN_STRICT_PROTOTYPES = YES;
				CLANG_WARN_SUSPICIOUS_MOVE = YES;
				CLANG_WARN_UNGUARDED_AVAILABILITY = YES_AGGRESSIVE;
				CLANG_WARN_UNREACHABLE_CODE = YES;
				CLANG_WARN__DUPLICATE_METHOD_MATCH = YES;
				COPY_PHASE_STRIP = NO;
				DEBUG_INFORMATION_FORMAT = "dwarf-with-dsym";
				ENABLE_NS_ASSERTIONS = NO;
				ENABLE_STRICT_OBJC_MSGSEND = YES;
				GCC_C_LANGUAGE_STANDARD = gnu11;
				GCC_NO_COMMON_BLOCKS = YES;
				GCC_WARN_64_TO_32_BIT_CONVERSION = YES;
				GCC_WARN_ABOUT_RETURN_TYPE = YES_ERROR;
				GCC_WARN_UNDECLARED_SELECTOR = YES;
				GCC_WARN_UNINITIALIZED_AUTOS = YES_AGGRESSIVE;
				GCC_WARN_UNUSED_FUNCTION = YES;
				GCC_WARN_UNUSED_VARIABLE = YES;
				IPHONEOS_DEPLOYMENT_TARGET = 14.0;
				MTL_ENABLE_DEBUG_INFO = NO;
				MTL_FAST_MATH = YES;
				SDKROOT = iphoneos;
				SWIFT_COMPILATION_MODE = wholemodule;
				SWIFT_OPTIMIZATION_LEVEL = "-O";
				VALIDATE_PRODUCT = YES;
			};
			name = Release;
		};
		C79FF4C62589F404005FB0FD /* Debug */ = {
			isa = XCBuildConfiguration;
			buildSettings = {
				ASSETCATALOG_COMPILER_APPICON_NAME = AppIcon;
				ASSETCATALOG_COMPILER_GLOBAL_ACCENT_COLOR_NAME = AccentColor;
				CODE_SIGN_STYLE = Automatic;
				INFOPLIST_FILE = Expo1900/Info.plist;
				LD_RUNPATH_SEARCH_PATHS = (
					"$(inherited)",
					"@executable_path/Frameworks",
				);
				PRODUCT_BUNDLE_IDENTIFIER = net.yagom.Expo1900;
				PRODUCT_NAME = "$(TARGET_NAME)";
				SWIFT_VERSION = 5.0;
				TARGETED_DEVICE_FAMILY = 1;
			};
			name = Debug;
		};
		C79FF4C72589F404005FB0FD /* Release */ = {
			isa = XCBuildConfiguration;
			buildSettings = {
				ASSETCATALOG_COMPILER_APPICON_NAME = AppIcon;
				ASSETCATALOG_COMPILER_GLOBAL_ACCENT_COLOR_NAME = AccentColor;
				CODE_SIGN_STYLE = Automatic;
				INFOPLIST_FILE = Expo1900/Info.plist;
				LD_RUNPATH_SEARCH_PATHS = (
					"$(inherited)",
					"@executable_path/Frameworks",
				);
				PRODUCT_BUNDLE_IDENTIFIER = net.yagom.Expo1900;
				PRODUCT_NAME = "$(TARGET_NAME)";
				SWIFT_VERSION = 5.0;
				TARGETED_DEVICE_FAMILY = 1;
			};
			name = Release;
		};
		E3B485C628FF882B0033EF3C /* Debug */ = {
			isa = XCBuildConfiguration;
			buildSettings = {
				BUNDLE_LOADER = "$(TEST_HOST)";
				CLANG_CXX_LANGUAGE_STANDARD = "gnu++17";
				CODE_SIGN_STYLE = Automatic;
				CURRENT_PROJECT_VERSION = 1;
				DEVELOPMENT_TEAM = M4257J4S26;
				GENERATE_INFOPLIST_FILE = YES;
				IPHONEOS_DEPLOYMENT_TARGET = 15.5;
				MARKETING_VERSION = 1.0;
				PRODUCT_BUNDLE_IDENTIFIER = wonbi.Expo1900Tests;
				PRODUCT_NAME = "$(TARGET_NAME)";
				SWIFT_EMIT_LOC_STRINGS = NO;
				SWIFT_VERSION = 5.0;
				TARGETED_DEVICE_FAMILY = "1,2";
				TEST_HOST = "$(BUILT_PRODUCTS_DIR)/Expo1900.app/Expo1900";
			};
			name = Debug;
		};
		E3B485C728FF882B0033EF3C /* Release */ = {
			isa = XCBuildConfiguration;
			buildSettings = {
				BUNDLE_LOADER = "$(TEST_HOST)";
				CLANG_CXX_LANGUAGE_STANDARD = "gnu++17";
				CODE_SIGN_STYLE = Automatic;
				CURRENT_PROJECT_VERSION = 1;
				DEVELOPMENT_TEAM = M4257J4S26;
				GENERATE_INFOPLIST_FILE = YES;
				IPHONEOS_DEPLOYMENT_TARGET = 15.5;
				MARKETING_VERSION = 1.0;
				PRODUCT_BUNDLE_IDENTIFIER = wonbi.Expo1900Tests;
				PRODUCT_NAME = "$(TARGET_NAME)";
				SWIFT_EMIT_LOC_STRINGS = NO;
				SWIFT_VERSION = 5.0;
				TARGETED_DEVICE_FAMILY = "1,2";
				TEST_HOST = "$(BUILT_PRODUCTS_DIR)/Expo1900.app/Expo1900";
			};
			name = Release;
		};
/* End XCBuildConfiguration section */

/* Begin XCConfigurationList section */
		C79FF4AC2589F401005FB0FD /* Build configuration list for PBXProject "Expo1900" */ = {
			isa = XCConfigurationList;
			buildConfigurations = (
				C79FF4C32589F404005FB0FD /* Debug */,
				C79FF4C42589F404005FB0FD /* Release */,
			);
			defaultConfigurationIsVisible = 0;
			defaultConfigurationName = Release;
		};
		C79FF4C52589F404005FB0FD /* Build configuration list for PBXNativeTarget "Expo1900" */ = {
			isa = XCConfigurationList;
			buildConfigurations = (
				C79FF4C62589F404005FB0FD /* Debug */,
				C79FF4C72589F404005FB0FD /* Release */,
			);
			defaultConfigurationIsVisible = 0;
			defaultConfigurationName = Release;
		};
		E3B485C828FF882B0033EF3C /* Build configuration list for PBXNativeTarget "Expo1900Tests" */ = {
			isa = XCConfigurationList;
			buildConfigurations = (
				E3B485C628FF882B0033EF3C /* Debug */,
				E3B485C728FF882B0033EF3C /* Release */,
			);
			defaultConfigurationIsVisible = 0;
			defaultConfigurationName = Release;
		};
/* End XCConfigurationList section */
	};
	rootObject = C79FF4A92589F401005FB0FD /* Project object */;
}
